
Microsoft Visual Studio Solution File, Format Version 12.00
# Visual Studio Version 17
VisualStudioVersion = 17.4.33213.308
MinimumVisualStudioVersion = 10.0.40219.1
Project("{FAE04EC0-301F-11D3-BF4B-00C04F79EFBC}") = "Summator", "Summator\Summator.csproj", "{E8441FC2-1B0A-4BC9-B554-ACF5B84A5502}"
EndProject
Global
	GlobalSection(SolutionConfigurationPlatforms) = preSolution
		Debug|Any CPU = Debug|Any CPU
		Release|Any CPU = Release|Any CPU
	EndGlobalSection
	GlobalSection(ProjectConfigurationPlatforms) = postSolution
		{E8441FC2-1B0A-4BC9-B554-ACF5B84A5502}.Debug|Any CPU.ActiveCfg = Debug|Any CPU
		{E8441FC2-1B0A-4BC9-B554-ACF5B84A5502}.Debug|Any CPU.Build.0 = Debug|Any CPU
		{E8441FC2-1B0A-4BC9-B554-ACF5B84A5502}.Release|Any CPU.ActiveCfg = Release|Any CPU
		{E8441FC2-1B0A-4BC9-B554-ACF5B84A5502}.Release|Any CPU.Build.0 = Release|Any CPU
	EndGlobalSection
	GlobalSection(SolutionProperties) = preSolution
		HideSolutionNode = FALSE
	EndGlobalSection
	GlobalSection(ExtensibilityGlobals) = postSolution
		SolutionGuid = {50F41D04-4F3D-4691-A4E5-3B743E27CEA3}
	EndGlobalSection
EndGlobal
